
Microsoft Visual Studio Solution File, Format Version 12.00
# Visual Studio Version 17
VisualStudioVersion = 17.8.34330.188
MinimumVisualStudioVersion = 10.0.40219.1
Project("{FAE04EC0-301F-11D3-BF4B-00C04F79EFBC}") = "ProductManagement", "ProductManagement.csproj", "{3067473C-2AEE-4B95-86A8-76497987E8B8}"
EndProject
Project("{FAE04EC0-301F-11D3-BF4B-00C04F79EFBC}") = "PMBLL", "..\PMBLL\PMBLL.csproj", "{801CA50E-B995-438A-B16B-05367BDEEE67}"
EndProject
Project("{FAE04EC0-301F-11D3-BF4B-00C04F79EFBC}") = "PMDAL", "..\PMDAL\PMDAL.csproj", "{B4D88F5E-4669-4339-8E1B-2045CC022BBB}"
EndProject
Global
	GlobalSection(SolutionConfigurationPlatforms) = preSolution
		Debug|Any CPU = Debug|Any CPU
		Release|Any CPU = Release|Any CPU
	EndGlobalSection
	GlobalSection(ProjectConfigurationPlatforms) = postSolution
		{3067473C-2AEE-4B95-86A8-76497987E8B8}.Debug|Any CPU.ActiveCfg = Debug|Any CPU
		{3067473C-2AEE-4B95-86A8-76497987E8B8}.Debug|Any CPU.Build.0 = Debug|Any CPU
		{3067473C-2AEE-4B95-86A8-76497987E8B8}.Release|Any CPU.ActiveCfg = Release|Any CPU
		{3067473C-2AEE-4B95-86A8-76497987E8B8}.Release|Any CPU.Build.0 = Release|Any CPU
		{801CA50E-B995-438A-B16B-05367BDEEE67}.Debug|Any CPU.ActiveCfg = Debug|Any CPU
		{801CA50E-B995-438A-B16B-05367BDEEE67}.Debug|Any CPU.Build.0 = Debug|Any CPU
		{801CA50E-B995-438A-B16B-05367BDEEE67}.Release|Any CPU.ActiveCfg = Release|Any CPU
		{801CA50E-B995-438A-B16B-05367BDEEE67}.Release|Any CPU.Build.0 = Release|Any CPU
		{B4D88F5E-4669-4339-8E1B-2045CC022BBB}.Debug|Any CPU.ActiveCfg = Debug|Any CPU
		{B4D88F5E-4669-4339-8E1B-2045CC022BBB}.Debug|Any CPU.Build.0 = Debug|Any CPU
		{B4D88F5E-4669-4339-8E1B-2045CC022BBB}.Release|Any CPU.ActiveCfg = Release|Any CPU
		{B4D88F5E-4669-4339-8E1B-2045CC022BBB}.Release|Any CPU.Build.0 = Release|Any CPU
	EndGlobalSection
	GlobalSection(SolutionProperties) = preSolution
		HideSolutionNode = FALSE
	EndGlobalSection
	GlobalSection(ExtensibilityGlobals) = postSolution
		SolutionGuid = {82E36904-5D43-45DE-9C8D-54C9167313A1}
	EndGlobalSection
EndGlobal
